// !$*UTF8*$!
{
	archiveVersion = 1;
	classes = {
	};
	objectVersion = 46;
	objects = {

/* Begin PBXBuildFile section */
		37A3B82F868DB5E77C0B04E7 /* libPods.a in Frameworks */ = {isa = PBXBuildFile; fileRef = 63B1275014CE80C9BEECAE29 /* libPods.a */; };
		CB3B35231B89E42800172C24 /* ZZHorizontalTableViewCell.m in Sources */ = {isa = PBXBuildFile; fileRef = CB3B35221B89E42800172C24 /* ZZHorizontalTableViewCell.m */; };
		CB3B35271B89E47700172C24 /* ZZItemCell.m in Sources */ = {isa = PBXBuildFile; fileRef = CB3B35261B89E47700172C24 /* ZZItemCell.m */; };
		CB3B35321B89ED9900172C24 /* Articles.plist in Resources */ = {isa = PBXBuildFile; fileRef = CB3B35311B89ED9900172C24 /* Articles.plist */; };
		CB3B35391B89FD7000172C24 /* ZZAddressCell.m in Sources */ = {isa = PBXBuildFile; fileRef = CB3B35381B89FD7000172C24 /* ZZAddressCell.m */; };
		CB419D031B90B9010044F3EC /* ZZMyViewController.m in Sources */ = {isa = PBXBuildFile; fileRef = CB419D021B90B9010044F3EC /* ZZMyViewController.m */; };
		CB6D03071B8806690090C9E2 /* ZZSquareTableViewController.m in Sources */ = {isa = PBXBuildFile; fileRef = CB6D03061B8806690090C9E2 /* ZZSquareTableViewController.m */; };
		CB8C2B071B7C76C400064632 /* ZZTabBarViewController.m in Sources */ = {isa = PBXBuildFile; fileRef = CB8C2B061B7C76C400064632 /* ZZTabBarViewController.m */; };
		CB8C2B0B1B7C794200064632 /* ZZSquareNavigationController.m in Sources */ = {isa = PBXBuildFile; fileRef = CB8C2B0A1B7C794200064632 /* ZZSquareNavigationController.m */; };
		CB8C2B181B7C95A500064632 /* ZZMyNavigationController.m in Sources */ = {isa = PBXBuildFile; fileRef = CB8C2B171B7C95A500064632 /* ZZMyNavigationController.m */; };
		CB8C2B251B7C9F7A00064632 /* ZZPublishViewController.m in Sources */ = {isa = PBXBuildFile; fileRef = CB8C2B241B7C9F7A00064632 /* ZZPublishViewController.m */; };
		CB8C2B281B7C9F8A00064632 /* ZZDetalViewController.m in Sources */ = {isa = PBXBuildFile; fileRef = CB8C2B271B7C9F8A00064632 /* ZZDetalViewController.m */; };
		CB8C2B2E1B7C9FD100064632 /* ZZSignInViewController.m in Sources */ = {isa = PBXBuildFile; fileRef = CB8C2B2D1B7C9FD100064632 /* ZZSignInViewController.m */; };
		CBCBB6CF1B96EF9A0070F83E /* UIImage+InitWithColor.m in Sources */ = {isa = PBXBuildFile; fileRef = CBCBB6CE1B96EF9A0070F83E /* UIImage+InitWithColor.m */; };
		CBFC1B751B7C12EC00093C3B /* main.m in Sources */ = {isa = PBXBuildFile; fileRef = CBFC1B741B7C12EC00093C3B /* main.m */; };
		CBFC1B781B7C12EC00093C3B /* AppDelegate.m in Sources */ = {isa = PBXBuildFile; fileRef = CBFC1B771B7C12EC00093C3B /* AppDelegate.m */; };
		CBFC1B7B1B7C12EC00093C3B /* ZZMoRan.xcdatamodeld in Sources */ = {isa = PBXBuildFile; fileRef = CBFC1B791B7C12EC00093C3B /* ZZMoRan.xcdatamodeld */; };
		CBFC1B811B7C12EC00093C3B /* Main.storyboard in Resources */ = {isa = PBXBuildFile; fileRef = CBFC1B7F1B7C12EC00093C3B /* Main.storyboard */; };
		CBFC1B831B7C12EC00093C3B /* Images.xcassets in Resources */ = {isa = PBXBuildFile; fileRef = CBFC1B821B7C12EC00093C3B /* Images.xcassets */; };
		CBFC1B921B7C12EC00093C3B /* ZZMoRanTests.m in Sources */ = {isa = PBXBuildFile; fileRef = CBFC1B911B7C12EC00093C3B /* ZZMoRanTests.m */; };
/* End PBXBuildFile section */

/* Begin PBXContainerItemProxy section */
		CBFC1B8C1B7C12EC00093C3B /* PBXContainerItemProxy */ = {
			isa = PBXContainerItemProxy;
			containerPortal = CBFC1B671B7C12EC00093C3B /* Project object */;
			proxyType = 1;
			remoteGlobalIDString = CBFC1B6E1B7C12EC00093C3B;
			remoteInfo = ZZMoRan;
		};
/* End PBXContainerItemProxy section */

/* Begin PBXCopyFilesBuildPhase section */
		CB8C2B4E1B7CA35700064632 /* Embed App Extensions */ = {
			isa = PBXCopyFilesBuildPhase;
			buildActionMask = 2147483647;
			dstPath = "";
			dstSubfolderSpec = 13;
			files = (
			);
			name = "Embed App Extensions";
			runOnlyForDeploymentPostprocessing = 0;
		};
/* End PBXCopyFilesBuildPhase section */

/* Begin PBXFileReference section */
		63B1275014CE80C9BEECAE29 /* libPods.a */ = {isa = PBXFileReference; explicitFileType = archive.ar; includeInIndex = 0; path = libPods.a; sourceTree = BUILT_PRODUCTS_DIR; };
		A036FE676B31DAE244646DBD /* Pods.debug.xcconfig */ = {isa = PBXFileReference; includeInIndex = 1; lastKnownFileType = text.xcconfig; name = Pods.debug.xcconfig; path = "Pods/Target Support Files/Pods/Pods.debug.xcconfig"; sourceTree = "<group>"; };
		A687079A4D7AD015436055F2 /* Pods.release.xcconfig */ = {isa = PBXFileReference; includeInIndex = 1; lastKnownFileType = text.xcconfig; name = Pods.release.xcconfig; path = "Pods/Target Support Files/Pods/Pods.release.xcconfig"; sourceTree = "<group>"; };
		CB3B35211B89E42800172C24 /* ZZHorizontalTableViewCell.h */ = {isa = PBXFileReference; fileEncoding = 4; lastKnownFileType = sourcecode.c.h; path = ZZHorizontalTableViewCell.h; sourceTree = "<group>"; };
		CB3B35221B89E42800172C24 /* ZZHorizontalTableViewCell.m */ = {isa = PBXFileReference; fileEncoding = 4; lastKnownFileType = sourcecode.c.objc; path = ZZHorizontalTableViewCell.m; sourceTree = "<group>"; };
		CB3B35251B89E47700172C24 /* ZZItemCell.h */ = {isa = PBXFileReference; fileEncoding = 4; lastKnownFileType = sourcecode.c.h; path = ZZItemCell.h; sourceTree = "<group>"; };
		CB3B35261B89E47700172C24 /* ZZItemCell.m */ = {isa = PBXFileReference; fileEncoding = 4; lastKnownFileType = sourcecode.c.objc; path = ZZItemCell.m; sourceTree = "<group>"; };
		CB3B35291B89E4F100172C24 /* ZZCellVariables.h */ = {isa = PBXFileReference; fileEncoding = 4; lastKnownFileType = sourcecode.c.h; path = ZZCellVariables.h; sourceTree = "<group>"; };
		CB3B35311B89ED9900172C24 /* Articles.plist */ = {isa = PBXFileReference; fileEncoding = 4; lastKnownFileType = text.plist.xml; path = Articles.plist; sourceTree = "<group>"; };
		CB3B35371B89FD7000172C24 /* ZZAddressCell.h */ = {isa = PBXFileReference; fileEncoding = 4; lastKnownFileType = sourcecode.c.h; path = ZZAddressCell.h; sourceTree = "<group>"; };
		CB3B35381B89FD7000172C24 /* ZZAddressCell.m */ = {isa = PBXFileReference; fileEncoding = 4; lastKnownFileType = sourcecode.c.objc; path = ZZAddressCell.m; sourceTree = "<group>"; };
		CB419D011B90B9010044F3EC /* ZZMyViewController.h */ = {isa = PBXFileReference; fileEncoding = 4; lastKnownFileType = sourcecode.c.h; path = ZZMyViewController.h; sourceTree = "<group>"; };
		CB419D021B90B9010044F3EC /* ZZMyViewController.m */ = {isa = PBXFileReference; fileEncoding = 4; lastKnownFileType = sourcecode.c.objc; path = ZZMyViewController.m; sourceTree = "<group>"; };
		CB6A28C01B8EF9500053297F /* ChaKanVariables.h */ = {isa = PBXFileReference; fileEncoding = 4; lastKnownFileType = sourcecode.c.h; path = ChaKanVariables.h; sourceTree = "<group>"; };
		CB6D03041B87FDAD0090C9E2 /* PrefixHeader.pch */ = {isa = PBXFileReference; fileEncoding = 4; lastKnownFileType = sourcecode.c.h; path = PrefixHeader.pch; sourceTree = "<group>"; };
		CB6D03051B8806690090C9E2 /* ZZSquareTableViewController.h */ = {isa = PBXFileReference; fileEncoding = 4; lastKnownFileType = sourcecode.c.h; name = ZZSquareTableViewController.h; path = ../ZZSquareTableViewController.h; sourceTree = "<group>"; };
		CB6D03061B8806690090C9E2 /* ZZSquareTableViewController.m */ = {isa = PBXFileReference; fileEncoding = 4; lastKnownFileType = sourcecode.c.objc; name = ZZSquareTableViewController.m; path = ../ZZSquareTableViewController.m; sourceTree = "<group>"; };
		CB8C2B051B7C76C400064632 /* ZZTabBarViewController.h */ = {isa = PBXFileReference; fileEncoding = 4; lastKnownFileType = sourcecode.c.h; path = ZZTabBarViewController.h; sourceTree = "<group>"; };
		CB8C2B061B7C76C400064632 /* ZZTabBarViewController.m */ = {isa = PBXFileReference; fileEncoding = 4; lastKnownFileType = sourcecode.c.objc; path = ZZTabBarViewController.m; sourceTree = "<group>"; };
		CB8C2B091B7C794200064632 /* ZZSquareNavigationController.h */ = {isa = PBXFileReference; fileEncoding = 4; lastKnownFileType = sourcecode.c.h; path = ZZSquareNavigationController.h; sourceTree = "<group>"; };
		CB8C2B0A1B7C794200064632 /* ZZSquareNavigationController.m */ = {isa = PBXFileReference; fileEncoding = 4; lastKnownFileType = sourcecode.c.objc; path = ZZSquareNavigationController.m; sourceTree = "<group>"; };
		CB8C2B161B7C95A500064632 /* ZZMyNavigationController.h */ = {isa = PBXFileReference; fileEncoding = 4; lastKnownFileType = sourcecode.c.h; path = ZZMyNavigationController.h; sourceTree = "<group>"; };
		CB8C2B171B7C95A500064632 /* ZZMyNavigationController.m */ = {isa = PBXFileReference; fileEncoding = 4; lastKnownFileType = sourcecode.c.objc; path = ZZMyNavigationController.m; sourceTree = "<group>"; };
		CB8C2B231B7C9F7A00064632 /* ZZPublishViewController.h */ = {isa = PBXFileReference; fileEncoding = 4; lastKnownFileType = sourcecode.c.h; path = ZZPublishViewController.h; sourceTree = "<group>"; };
		CB8C2B241B7C9F7A00064632 /* ZZPublishViewController.m */ = {isa = PBXFileReference; fileEncoding = 4; lastKnownFileType = sourcecode.c.objc; path = ZZPublishViewController.m; sourceTree = "<group>"; };
		CB8C2B261B7C9F8A00064632 /* ZZDetalViewController.h */ = {isa = PBXFileReference; fileEncoding = 4; lastKnownFileType = sourcecode.c.h; path = ZZDetalViewController.h; sourceTree = "<group>"; };
		CB8C2B271B7C9F8A00064632 /* ZZDetalViewController.m */ = {isa = PBXFileReference; fileEncoding = 4; lastKnownFileType = sourcecode.c.objc; path = ZZDetalViewController.m; sourceTree = "<group>"; };
		CB8C2B2C1B7C9FD100064632 /* ZZSignInViewController.h */ = {isa = PBXFileReference; fileEncoding = 4; lastKnownFileType = sourcecode.c.h; path = ZZSignInViewController.h; sourceTree = "<group>"; };
		CB8C2B2D1B7C9FD100064632 /* ZZSignInViewController.m */ = {isa = PBXFileReference; fileEncoding = 4; lastKnownFileType = sourcecode.c.objc; path = ZZSignInViewController.m; sourceTree = "<group>"; };
		CBCBB6CD1B96EF9A0070F83E /* UIImage+InitWithColor.h */ = {isa = PBXFileReference; fileEncoding = 4; lastKnownFileType = sourcecode.c.h; name = "UIImage+InitWithColor.h"; path = "../../ZZMoRanS/ZZMoRanS/ZZMoRanS/Category/UIImage+InitWithColor.h"; sourceTree = "<group>"; };
		CBCBB6CE1B96EF9A0070F83E /* UIImage+InitWithColor.m */ = {isa = PBXFileReference; fileEncoding = 4; lastKnownFileType = sourcecode.c.objc; name = "UIImage+InitWithColor.m"; path = "../../ZZMoRanS/ZZMoRanS/ZZMoRanS/Category/UIImage+InitWithColor.m"; sourceTree = "<group>"; };
		CBFC1B6F1B7C12EC00093C3B /* ZZMoRan.app */ = {isa = PBXFileReference; explicitFileType = wrapper.application; includeInIndex = 0; path = ZZMoRan.app; sourceTree = BUILT_PRODUCTS_DIR; };
		CBFC1B731B7C12EC00093C3B /* Info.plist */ = {isa = PBXFileReference; lastKnownFileType = text.plist.xml; path = Info.plist; sourceTree = "<group>"; };
		CBFC1B741B7C12EC00093C3B /* main.m */ = {isa = PBXFileReference; lastKnownFileType = sourcecode.c.objc; path = main.m; sourceTree = "<group>"; };
		CBFC1B761B7C12EC00093C3B /* AppDelegate.h */ = {isa = PBXFileReference; lastKnownFileType = sourcecode.c.h; path = AppDelegate.h; sourceTree = "<group>"; };
		CBFC1B771B7C12EC00093C3B /* AppDelegate.m */ = {isa = PBXFileReference; lastKnownFileType = sourcecode.c.objc; path = AppDelegate.m; sourceTree = "<group>"; };
		CBFC1B7A1B7C12EC00093C3B /* ZZMoRan.xcdatamodel */ = {isa = PBXFileReference; lastKnownFileType = wrapper.xcdatamodel; path = ZZMoRan.xcdatamodel; sourceTree = "<group>"; };
		CBFC1B801B7C12EC00093C3B /* Base */ = {isa = PBXFileReference; lastKnownFileType = file.storyboard; name = Base; path = Base.lproj/Main.storyboard; sourceTree = "<group>"; };
		CBFC1B821B7C12EC00093C3B /* Images.xcassets */ = {isa = PBXFileReference; lastKnownFileType = folder.assetcatalog; path = Images.xcassets; sourceTree = "<group>"; };
		CBFC1B8B1B7C12EC00093C3B /* ZZMoRanTests.xctest */ = {isa = PBXFileReference; explicitFileType = wrapper.cfbundle; includeInIndex = 0; path = ZZMoRanTests.xctest; sourceTree = BUILT_PRODUCTS_DIR; };
		CBFC1B901B7C12EC00093C3B /* Info.plist */ = {isa = PBXFileReference; lastKnownFileType = text.plist.xml; path = Info.plist; sourceTree = "<group>"; };
		CBFC1B911B7C12EC00093C3B /* ZZMoRanTests.m */ = {isa = PBXFileReference; lastKnownFileType = sourcecode.c.objc; path = ZZMoRanTests.m; sourceTree = "<group>"; };
/* End PBXFileReference section */

/* Begin PBXFrameworksBuildPhase section */
		CBFC1B6C1B7C12EC00093C3B /* Frameworks */ = {
			isa = PBXFrameworksBuildPhase;
			buildActionMask = 2147483647;
			files = (
				37A3B82F868DB5E77C0B04E7 /* libPods.a in Frameworks */,
			);
			runOnlyForDeploymentPostprocessing = 0;
		};
		CBFC1B881B7C12EC00093C3B /* Frameworks */ = {
			isa = PBXFrameworksBuildPhase;
			buildActionMask = 2147483647;
			files = (
			);
			runOnlyForDeploymentPostprocessing = 0;
		};
/* End PBXFrameworksBuildPhase section */

/* Begin PBXGroup section */
		B3CADC93F4C6B35C7EDC58D8 /* Pods */ = {
			isa = PBXGroup;
			children = (
				A036FE676B31DAE244646DBD /* Pods.debug.xcconfig */,
				A687079A4D7AD015436055F2 /* Pods.release.xcconfig */,
			);
			name = Pods;
			sourceTree = "<group>";
		};
		CB3B35241B89E42E00172C24 /* HorizontalTableViewCell */ = {
			isa = PBXGroup;
			children = (
				CB3B35211B89E42800172C24 /* ZZHorizontalTableViewCell.h */,
				CB3B35221B89E42800172C24 /* ZZHorizontalTableViewCell.m */,
				CB3B35251B89E47700172C24 /* ZZItemCell.h */,
				CB3B35261B89E47700172C24 /* ZZItemCell.m */,
			);
			name = HorizontalTableViewCell;
			sourceTree = "<group>";
		};
		CB3B35361B89EFF600172C24 /* AddressCell */ = {
			isa = PBXGroup;
			children = (
				CB3B35371B89FD7000172C24 /* ZZAddressCell.h */,
				CB3B35381B89FD7000172C24 /* ZZAddressCell.m */,
			);
			name = AddressCell;
			sourceTree = "<group>";
		};
		CB8C2B121B7C7B4D00064632 /* FaBu */ = {
			isa = PBXGroup;
			children = (
				CB8C2B2B1B7C9FB700064632 /* Controller */,
			);
			name = FaBu;
			sourceTree = "<group>";
		};
		CB8C2B1C1B7C9E6D00064632 /* Main */ = {
			isa = PBXGroup;
			children = (
				CB8C2B361B7CA07600064632 /* Category */,
				CB8C2B1D1B7C9E8100064632 /* Controller */,
			);
			name = Main;
			sourceTree = "<group>";
		};
		CB8C2B1D1B7C9E8100064632 /* Controller */ = {
			isa = PBXGroup;
			children = (
				CBFC1B761B7C12EC00093C3B /* AppDelegate.h */,
				CBFC1B771B7C12EC00093C3B /* AppDelegate.m */,
				CB8C2B051B7C76C400064632 /* ZZTabBarViewController.h */,
				CB8C2B061B7C76C400064632 /* ZZTabBarViewController.m */,
				CB8C2B091B7C794200064632 /* ZZSquareNavigationController.h */,
				CB8C2B0A1B7C794200064632 /* ZZSquareNavigationController.m */,
				CB8C2B161B7C95A500064632 /* ZZMyNavigationController.h */,
				CB8C2B171B7C95A500064632 /* ZZMyNavigationController.m */,
			);
			name = Controller;
			sourceTree = "<group>";
		};
		CB8C2B221B7C9F1D00064632 /* WoDe */ = {
			isa = PBXGroup;
			children = (
				CB8C2B4F1B7CA43200064632 /* Controller */,
			);
			name = WoDe;
			sourceTree = "<group>";
		};
		CB8C2B291B7C9F9100064632 /* ChaKan */ = {
			isa = PBXGroup;
			children = (
				CB6A28C01B8EF9500053297F /* ChaKanVariables.h */,
				CB8C2B2A1B7C9FA000064632 /* Controller */,
			);
			name = ChaKan;
			sourceTree = "<group>";
		};
		CB8C2B2A1B7C9FA000064632 /* Controller */ = {
			isa = PBXGroup;
			children = (
				CB8C2B261B7C9F8A00064632 /* ZZDetalViewController.h */,
				CB8C2B271B7C9F8A00064632 /* ZZDetalViewController.m */,
			);
			name = Controller;
			sourceTree = "<group>";
		};
		CB8C2B2B1B7C9FB700064632 /* Controller */ = {
			isa = PBXGroup;
			children = (
				CB8C2B231B7C9F7A00064632 /* ZZPublishViewController.h */,
				CB8C2B241B7C9F7A00064632 /* ZZPublishViewController.m */,
			);
			name = Controller;
			sourceTree = "<group>";
		};
		CB8C2B2F1B7C9FD500064632 /* DengRu */ = {
			isa = PBXGroup;
			children = (
				CB8C2B301B7C9FE000064632 /* Controller */,
			);
			name = DengRu;
			sourceTree = "<group>";
		};
		CB8C2B301B7C9FE000064632 /* Controller */ = {
			isa = PBXGroup;
			children = (
				CB8C2B2C1B7C9FD100064632 /* ZZSignInViewController.h */,
				CB8C2B2D1B7C9FD100064632 /* ZZSignInViewController.m */,
			);
			name = Controller;
			sourceTree = "<group>";
		};
		CB8C2B341B7CA02300064632 /* GuangChang */ = {
			isa = PBXGroup;
			children = (
				CB3B35291B89E4F100172C24 /* ZZCellVariables.h */,
				CB8C2B351B7CA03C00064632 /* Controller */,
				CB3B35241B89E42E00172C24 /* HorizontalTableViewCell */,
				CB3B35361B89EFF600172C24 /* AddressCell */,
			);
			name = GuangChang;
			sourceTree = "<group>";
		};
		CB8C2B351B7CA03C00064632 /* Controller */ = {
			isa = PBXGroup;
			children = (
				CB6D03051B8806690090C9E2 /* ZZSquareTableViewController.h */,
				CB6D03061B8806690090C9E2 /* ZZSquareTableViewController.m */,
			);
			name = Controller;
			sourceTree = "<group>";
		};
		CB8C2B361B7CA07600064632 /* Category */ = {
			isa = PBXGroup;
			children = (
			);
			name = Category;
			sourceTree = "<group>";
		};
		CB8C2B4F1B7CA43200064632 /* Controller */ = {
			isa = PBXGroup;
			children = (
				CB419D011B90B9010044F3EC /* ZZMyViewController.h */,
				CB419D021B90B9010044F3EC /* ZZMyViewController.m */,
			);
			name = Controller;
			sourceTree = "<group>";
		};
		CBCBB6D01B96EF9F0070F83E /* Category */ = {
			isa = PBXGroup;
			children = (
				CBCBB6CD1B96EF9A0070F83E /* UIImage+InitWithColor.h */,
				CBCBB6CE1B96EF9A0070F83E /* UIImage+InitWithColor.m */,
			);
			name = Category;
			sourceTree = "<group>";
		};
		CBFC1B661B7C12EC00093C3B = {
			isa = PBXGroup;
			children = (
				CBFC1B711B7C12EC00093C3B /* ZZMoRan */,
				CBFC1B8E1B7C12EC00093C3B /* ZZMoRanTests */,
				CBFC1B701B7C12EC00093C3B /* Products */,
				B3CADC93F4C6B35C7EDC58D8 /* Pods */,
				F21375346A1D2A3A466F7525 /* Frameworks */,
			);
			sourceTree = "<group>";
		};
		CBFC1B701B7C12EC00093C3B /* Products */ = {
			isa = PBXGroup;
			children = (
				CBFC1B6F1B7C12EC00093C3B /* ZZMoRan.app */,
				CBFC1B8B1B7C12EC00093C3B /* ZZMoRanTests.xctest */,
			);
			name = Products;
			sourceTree = "<group>";
		};
		CBFC1B711B7C12EC00093C3B /* ZZMoRan */ = {
			isa = PBXGroup;
			children = (
				CBCBB6D01B96EF9F0070F83E /* Category */,
				CB8C2B1C1B7C9E6D00064632 /* Main */,
				CB8C2B121B7C7B4D00064632 /* FaBu */,
				CBFC1B7F1B7C12EC00093C3B /* Main.storyboard */,
				CB8C2B291B7C9F9100064632 /* ChaKan */,
				CB8C2B221B7C9F1D00064632 /* WoDe */,
				CB8C2B341B7CA02300064632 /* GuangChang */,
				CB8C2B2F1B7C9FD500064632 /* DengRu */,
				CBFC1B721B7C12EC00093C3B /* Supporting Files */,
			);
			path = ZZMoRan;
			sourceTree = "<group>";
		};
		CBFC1B721B7C12EC00093C3B /* Supporting Files */ = {
			isa = PBXGroup;
			children = (
				CB3B35311B89ED9900172C24 /* Articles.plist */,
				CB6D03041B87FDAD0090C9E2 /* PrefixHeader.pch */,
				CBFC1B821B7C12EC00093C3B /* Images.xcassets */,
				CBFC1B731B7C12EC00093C3B /* Info.plist */,
				CBFC1B741B7C12EC00093C3B /* main.m */,
				CBFC1B791B7C12EC00093C3B /* ZZMoRan.xcdatamodeld */,
			);
			name = "Supporting Files";
			sourceTree = "<group>";
		};
		CBFC1B8E1B7C12EC00093C3B /* ZZMoRanTests */ = {
			isa = PBXGroup;
			children = (
				CBFC1B911B7C12EC00093C3B /* ZZMoRanTests.m */,
				CBFC1B8F1B7C12EC00093C3B /* Supporting Files */,
			);
			path = ZZMoRanTests;
			sourceTree = "<group>";
		};
		CBFC1B8F1B7C12EC00093C3B /* Supporting Files */ = {
			isa = PBXGroup;
			children = (
				CBFC1B901B7C12EC00093C3B /* Info.plist */,
			);
			name = "Supporting Files";
			sourceTree = "<group>";
		};
		F21375346A1D2A3A466F7525 /* Frameworks */ = {
			isa = PBXGroup;
			children = (
				63B1275014CE80C9BEECAE29 /* libPods.a */,
			);
			name = Frameworks;
			sourceTree = "<group>";
		};
/* End PBXGroup section */

/* Begin PBXNativeTarget section */
		CBFC1B6E1B7C12EC00093C3B /* ZZMoRan */ = {
			isa = PBXNativeTarget;
			buildConfigurationList = CBFC1B951B7C12EC00093C3B /* Build configuration list for PBXNativeTarget "ZZMoRan" */;
			buildPhases = (
				8149855DDB892D5261575827 /* Check Pods Manifest.lock */,
				CBFC1B6B1B7C12EC00093C3B /* Sources */,
				CBFC1B6C1B7C12EC00093C3B /* Frameworks */,
				CBFC1B6D1B7C12EC00093C3B /* Resources */,
				D054AAB4C2C2D453A7772348 /* Copy Pods Resources */,
				CB8C2B4E1B7CA35700064632 /* Embed App Extensions */,
			);
			buildRules = (
			);
			dependencies = (
			);
			name = ZZMoRan;
			productName = ZZMoRan;
			productReference = CBFC1B6F1B7C12EC00093C3B /* ZZMoRan.app */;
			productType = "com.apple.product-type.application";
		};
		CBFC1B8A1B7C12EC00093C3B /* ZZMoRanTests */ = {
			isa = PBXNativeTarget;
			buildConfigurationList = CBFC1B981B7C12EC00093C3B /* Build configuration list for PBXNativeTarget "ZZMoRanTests" */;
			buildPhases = (
				CBFC1B871B7C12EC00093C3B /* Sources */,
				CBFC1B881B7C12EC00093C3B /* Frameworks */,
				CBFC1B891B7C12EC00093C3B /* Resources */,
			);
			buildRules = (
			);
			dependencies = (
				CBFC1B8D1B7C12EC00093C3B /* PBXTargetDependency */,
			);
			name = ZZMoRanTests;
			productName = ZZMoRanTests;
			productReference = CBFC1B8B1B7C12EC00093C3B /* ZZMoRanTests.xctest */;
			productType = "com.apple.product-type.bundle.unit-test";
		};
/* End PBXNativeTarget section */

/* Begin PBXProject section */
		CBFC1B671B7C12EC00093C3B /* Project object */ = {
			isa = PBXProject;
			attributes = {
				LastUpgradeCheck = 0640;
				ORGANIZATIONNAME = "GeekBand-I150029";
				TargetAttributes = {
					CBFC1B6E1B7C12EC00093C3B = {
						CreatedOnToolsVersion = 6.4;
					};
					CBFC1B8A1B7C12EC00093C3B = {
						CreatedOnToolsVersion = 6.4;
						TestTargetID = CBFC1B6E1B7C12EC00093C3B;
					};
				};
			};
			buildConfigurationList = CBFC1B6A1B7C12EC00093C3B /* Build configuration list for PBXProject "ZZMoRan" */;
			compatibilityVersion = "Xcode 3.2";
			developmentRegion = English;
			hasScannedForEncodings = 0;
			knownRegions = (
				en,
				Base,
			);
			mainGroup = CBFC1B661B7C12EC00093C3B;
			productRefGroup = CBFC1B701B7C12EC00093C3B /* Products */;
			projectDirPath = "";
			projectRoot = "";
			targets = (
				CBFC1B6E1B7C12EC00093C3B /* ZZMoRan */,
				CBFC1B8A1B7C12EC00093C3B /* ZZMoRanTests */,
			);
		};
/* End PBXProject section */

/* Begin PBXResourcesBuildPhase section */
		CBFC1B6D1B7C12EC00093C3B /* Resources */ = {
			isa = PBXResourcesBuildPhase;
			buildActionMask = 2147483647;
			files = (
				CB3B35321B89ED9900172C24 /* Articles.plist in Resources */,
				CBFC1B811B7C12EC00093C3B /* Main.storyboard in Resources */,
				CBFC1B831B7C12EC00093C3B /* Images.xcassets in Resources */,
			);
			runOnlyForDeploymentPostprocessing = 0;
		};
		CBFC1B891B7C12EC00093C3B /* Resources */ = {
			isa = PBXResourcesBuildPhase;
			buildActionMask = 2147483647;
			files = (
			);
			runOnlyForDeploymentPostprocessing = 0;
		};
/* End PBXResourcesBuildPhase section */

/* Begin PBXShellScriptBuildPhase section */
		8149855DDB892D5261575827 /* Check Pods Manifest.lock */ = {
			isa = PBXShellScriptBuildPhase;
			buildActionMask = 2147483647;
			files = (
			);
			inputPaths = (
			);
			name = "Check Pods Manifest.lock";
			outputPaths = (
			);
			runOnlyForDeploymentPostprocessing = 0;
			shellPath = /bin/sh;
			shellScript = "diff \"${PODS_ROOT}/../Podfile.lock\" \"${PODS_ROOT}/Manifest.lock\" > /dev/null\nif [[ $? != 0 ]] ; then\n    cat << EOM\nerror: The sandbox is not in sync with the Podfile.lock. Run 'pod install' or update your CocoaPods installation.\nEOM\n    exit 1\nfi\n";
			showEnvVarsInLog = 0;
		};
		D054AAB4C2C2D453A7772348 /* Copy Pods Resources */ = {
			isa = PBXShellScriptBuildPhase;
			buildActionMask = 2147483647;
			files = (
			);
			inputPaths = (
			);
			name = "Copy Pods Resources";
			outputPaths = (
			);
			runOnlyForDeploymentPostprocessing = 0;
			shellPath = /bin/sh;
			shellScript = "\"${SRCROOT}/Pods/Target Support Files/Pods/Pods-resources.sh\"\n";
			showEnvVarsInLog = 0;
		};
/* End PBXShellScriptBuildPhase section */

/* Begin PBXSourcesBuildPhase section */
		CBFC1B6B1B7C12EC00093C3B /* Sources */ = {
			isa = PBXSourcesBuildPhase;
			buildActionMask = 2147483647;
			files = (
				CB8C2B251B7C9F7A00064632 /* ZZPublishViewController.m in Sources */,
				CB8C2B0B1B7C794200064632 /* ZZSquareNavigationController.m in Sources */,
				CB6D03071B8806690090C9E2 /* ZZSquareTableViewController.m in Sources */,
				CB419D031B90B9010044F3EC /* ZZMyViewController.m in Sources */,
				CB8C2B281B7C9F8A00064632 /* ZZDetalViewController.m in Sources */,
				CBFC1B781B7C12EC00093C3B /* AppDelegate.m in Sources */,
				CB8C2B2E1B7C9FD100064632 /* ZZSignInViewController.m in Sources */,
				CBCBB6CF1B96EF9A0070F83E /* UIImage+InitWithColor.m in Sources */,
				CB8C2B181B7C95A500064632 /* ZZMyNavigationController.m in Sources */,
				CBFC1B7B1B7C12EC00093C3B /* ZZMoRan.xcdatamodeld in Sources */,
				CB8C2B071B7C76C400064632 /* ZZTabBarViewController.m in Sources */,
				CBFC1B751B7C12EC00093C3B /* main.m in Sources */,
				CB3B35271B89E47700172C24 /* ZZItemCell.m in Sources */,
				CB3B35391B89FD7000172C24 /* ZZAddressCell.m in Sources */,
				CB3B35231B89E42800172C24 /* ZZHorizontalTableViewCell.m in Sources */,
			);
			runOnlyForDeploymentPostprocessing = 0;
		};
		CBFC1B871B7C12EC00093C3B /* Sources */ = {
			isa = PBXSourcesBuildPhase;
			buildActionMask = 2147483647;
			files = (
				CBFC1B921B7C12EC00093C3B /* ZZMoRanTests.m in Sources */,
			);
			runOnlyForDeploymentPostprocessing = 0;
		};
/* End PBXSourcesBuildPhase section */

/* Begin PBXTargetDependency section */
		CBFC1B8D1B7C12EC00093C3B /* PBXTargetDependency */ = {
			isa = PBXTargetDependency;
			target = CBFC1B6E1B7C12EC00093C3B /* ZZMoRan */;
			targetProxy = CBFC1B8C1B7C12EC00093C3B /* PBXContainerItemProxy */;
		};
/* End PBXTargetDependency section */

/* Begin PBXVariantGroup section */
		CBFC1B7F1B7C12EC00093C3B /* Main.storyboard */ = {
			isa = PBXVariantGroup;
			children = (
				CBFC1B801B7C12EC00093C3B /* Base */,
			);
			name = Main.storyboard;
			sourceTree = "<group>";
		};
/* End PBXVariantGroup section */

/* Begin XCBuildConfiguration section */
		CBFC1B931B7C12EC00093C3B /* Debug */ = {
			isa = XCBuildConfiguration;
			buildSettings = {
				ALWAYS_SEARCH_USER_PATHS = NO;
				CLANG_CXX_LANGUAGE_STANDARD = "gnu++0x";
				CLANG_CXX_LIBRARY = "libc++";
				CLANG_ENABLE_MODULES = YES;
				CLANG_ENABLE_OBJC_ARC = YES;
				CLANG_WARN_BOOL_CONVERSION = YES;
				CLANG_WARN_CONSTANT_CONVERSION = YES;
				CLANG_WARN_DIRECT_OBJC_ISA_USAGE = YES_ERROR;
				CLANG_WARN_EMPTY_BODY = YES;
				CLANG_WARN_ENUM_CONVERSION = YES;
				CLANG_WARN_INT_CONVERSION = YES;
				CLANG_WARN_OBJC_ROOT_CLASS = YES_ERROR;
				CLANG_WARN_UNREACHABLE_CODE = YES;
				CLANG_WARN__DUPLICATE_METHOD_MATCH = YES;
				"CODE_SIGN_IDENTITY[sdk=iphoneos*]" = "iPhone Developer";
				COPY_PHASE_STRIP = NO;
				DEBUG_INFORMATION_FORMAT = "dwarf-with-dsym";
				ENABLE_STRICT_OBJC_MSGSEND = YES;
				GCC_C_LANGUAGE_STANDARD = gnu99;
				GCC_DYNAMIC_NO_PIC = NO;
				GCC_NO_COMMON_BLOCKS = YES;
				GCC_OPTIMIZATION_LEVEL = 0;
				GCC_PREPROCESSOR_DEFINITIONS = (
					"DEBUG=1",
					"$(inherited)",
				);
				GCC_SYMBOLS_PRIVATE_EXTERN = NO;
				GCC_WARN_64_TO_32_BIT_CONVERSION = YES;
				GCC_WARN_ABOUT_RETURN_TYPE = YES_ERROR;
				GCC_WARN_UNDECLARED_SELECTOR = YES;
				GCC_WARN_UNINITIALIZED_AUTOS = YES_AGGRESSIVE;
				GCC_WARN_UNUSED_FUNCTION = YES;
				GCC_WARN_UNUSED_VARIABLE = YES;
				IPHONEOS_DEPLOYMENT_TARGET = 7.0;
				MTL_ENABLE_DEBUG_INFO = YES;
				ONLY_ACTIVE_ARCH = YES;
				SDKROOT = iphoneos;
			};
			name = Debug;
		};
		CBFC1B941B7C12EC00093C3B /* Release */ = {
			isa = XCBuildConfiguration;
			buildSettings = {
				ALWAYS_SEARCH_USER_PATHS = NO;
				CLANG_CXX_LANGUAGE_STANDARD = "gnu++0x";
				CLANG_CXX_LIBRARY = "libc++";
				CLANG_ENABLE_MODULES = YES;
				CLANG_ENABLE_OBJC_ARC = YES;
				CLANG_WARN_BOOL_CONVERSION = YES;
				CLANG_WARN_CONSTANT_CONVERSION = YES;
				CLANG_WARN_DIRECT_OBJC_ISA_USAGE = YES_ERROR;
				CLANG_WARN_EMPTY_BODY = YES;
				CLANG_WARN_ENUM_CONVERSION = YES;
				CLANG_WARN_INT_CONVERSION = YES;
				CLANG_WARN_OBJC_ROOT_CLASS = YES_ERROR;
				CLANG_WARN_UNREACHABLE_CODE = YES;
				CLANG_WARN__DUPLICATE_METHOD_MATCH = YES;
				"CODE_SIGN_IDENTITY[sdk=iphoneos*]" = "iPhone Developer";
				COPY_PHASE_STRIP = NO;
				DEBUG_INFORMATION_FORMAT = "dwarf-with-dsym";
				ENABLE_NS_ASSERTIONS = NO;
				ENABLE_STRICT_OBJC_MSGSEND = YES;
				GCC_C_LANGUAGE_STANDARD = gnu99;
				GCC_NO_COMMON_BLOCKS = YES;
				GCC_WARN_64_TO_32_BIT_CONVERSION = YES;
				GCC_WARN_ABOUT_RETURN_TYPE = YES_ERROR;
				GCC_WARN_UNDECLARED_SELECTOR = YES;
				GCC_WARN_UNINITIALIZED_AUTOS = YES_AGGRESSIVE;
				GCC_WARN_UNUSED_FUNCTION = YES;
				GCC_WARN_UNUSED_VARIABLE = YES;
				IPHONEOS_DEPLOYMENT_TARGET = 7.0;
				MTL_ENABLE_DEBUG_INFO = NO;
				SDKROOT = iphoneos;
				VALIDATE_PRODUCT = YES;
			};
			name = Release;
		};
		CBFC1B961B7C12EC00093C3B /* Debug */ = {
			isa = XCBuildConfiguration;
			baseConfigurationReference = A036FE676B31DAE244646DBD /* Pods.debug.xcconfig */;
			buildSettings = {
				ASSETCATALOG_COMPILER_APPICON_NAME = AppIcon;
				ASSETCATALOG_COMPILER_LAUNCHIMAGE_NAME = LaunchImage;
				INFOPLIST_FILE = ZZMoRan/Info.plist;
				IPHONEOS_DEPLOYMENT_TARGET = 7.0;
				LD_RUNPATH_SEARCH_PATHS = "$(inherited) @executable_path/Frameworks";
				PRODUCT_NAME = "$(TARGET_NAME)";
			};
			name = Debug;
		};
		CBFC1B971B7C12EC00093C3B /* Release */ = {
			isa = XCBuildConfiguration;
			baseConfigurationReference = A687079A4D7AD015436055F2 /* Pods.release.xcconfig */;
			buildSettings = {
				ASSETCATALOG_COMPILER_APPICON_NAME = AppIcon;
				ASSETCATALOG_COMPILER_LAUNCHIMAGE_NAME = LaunchImage;
				INFOPLIST_FILE = ZZMoRan/Info.plist;
				IPHONEOS_DEPLOYMENT_TARGET = 7.0;
				LD_RUNPATH_SEARCH_PATHS = "$(inherited) @executable_path/Frameworks";
				PRODUCT_NAME = "$(TARGET_NAME)";
			};
			name = Release;
		};
		CBFC1B991B7C12EC00093C3B /* Debug */ = {
			isa = XCBuildConfiguration;
			buildSettings = {
				BUNDLE_LOADER = "$(TEST_HOST)";
				FRAMEWORK_SEARCH_PATHS = (
					"$(SDKROOT)/Developer/Library/Frameworks",
					"$(inherited)",
				);
				GCC_PREPROCESSOR_DEFINITIONS = (
					"DEBUG=1",
					"$(inherited)",
				);
				INFOPLIST_FILE = ZZMoRanTests/Info.plist;
				LD_RUNPATH_SEARCH_PATHS = "$(inherited) @executable_path/Frameworks @loader_path/Frameworks";
				PRODUCT_NAME = "$(TARGET_NAME)";
				TEST_HOST = "$(BUILT_PRODUCTS_DIR)/ZZMoRan.app/ZZMoRan";
			};
			name = Debug;
		};
		CBFC1B9A1B7C12EC00093C3B /* Release */ = {
			isa = XCBuildConfiguration;
			buildSettings = {
				BUNDLE_LOADER = "$(TEST_HOST)";
				FRAMEWORK_SEARCH_PATHS = (
					"$(SDKROOT)/Developer/Library/Frameworks",
					"$(inherited)",
				);
				INFOPLIST_FILE = ZZMoRanTests/Info.plist;
				LD_RUNPATH_SEARCH_PATHS = "$(inherited) @executable_path/Frameworks @loader_path/Frameworks";
				PRODUCT_NAME = "$(TARGET_NAME)";
				TEST_HOST = "$(BUILT_PRODUCTS_DIR)/ZZMoRan.app/ZZMoRan";
			};
			name = Release;
		};
/* End XCBuildConfiguration section */

/* Begin XCConfigurationList section */
		CBFC1B6A1B7C12EC00093C3B /* Build configuration list for PBXProject "ZZMoRan" */ = {
			isa = XCConfigurationList;
			buildConfigurations = (
				CBFC1B931B7C12EC00093C3B /* Debug */,
				CBFC1B941B7C12EC00093C3B /* Release */,
			);
			defaultConfigurationIsVisible = 0;
			defaultConfigurationName = Release;
		};
		CBFC1B951B7C12EC00093C3B /* Build configuration list for PBXNativeTarget "ZZMoRan" */ = {
			isa = XCConfigurationList;
			buildConfigurations = (
				CBFC1B961B7C12EC00093C3B /* Debug */,
				CBFC1B971B7C12EC00093C3B /* Release */,
			);
			defaultConfigurationIsVisible = 0;
			defaultConfigurationName = Release;
		};
		CBFC1B981B7C12EC00093C3B /* Build configuration list for PBXNativeTarget "ZZMoRanTests" */ = {
			isa = XCConfigurationList;
			buildConfigurations = (
				CBFC1B991B7C12EC00093C3B /* Debug */,
				CBFC1B9A1B7C12EC00093C3B /* Release */,
			);
			defaultConfigurationIsVisible = 0;
			defaultConfigurationName = Release;
		};
/* End XCConfigurationList section */

/* Begin XCVersionGroup section */
		CBFC1B791B7C12EC00093C3B /* ZZMoRan.xcdatamodeld */ = {
			isa = XCVersionGroup;
			children = (
				CBFC1B7A1B7C12EC00093C3B /* ZZMoRan.xcdatamodel */,
			);
			currentVersion = CBFC1B7A1B7C12EC00093C3B /* ZZMoRan.xcdatamodel */;
			path = ZZMoRan.xcdatamodeld;
			sourceTree = "<group>";
			versionGroupType = wrapper.xcdatamodel;
		};
/* End XCVersionGroup section */
	};
	rootObject = CBFC1B671B7C12EC00093C3B /* Project object */;
}
